
Microsoft Visual Studio Solution File, Format Version 12.00
# Visual Studio Version 16
VisualStudioVersion = 16.0.31515.178
MinimumVisualStudioVersion = 10.0.40219.1
Project("{FAE04EC0-301F-11D3-BF4B-00C04F79EFBC}") = "SampleDBConnectionsinEF", "SampleDBConnectionsinEF\SampleDBConnectionsinEF.csproj", "{0C155F55-E81A-49BE-A3E9-F428BBB137DC}"
EndProject
Global
	GlobalSection(SolutionConfigurationPlatforms) = preSolution
		Debug|Any CPU = Debug|Any CPU
		Release|Any CPU = Release|Any CPU
	EndGlobalSection
	GlobalSection(ProjectConfigurationPlatforms) = postSolution
		{0C155F55-E81A-49BE-A3E9-F428BBB137DC}.Debug|Any CPU.ActiveCfg = Debug|Any CPU
		{0C155F55-E81A-49BE-A3E9-F428BBB137DC}.Debug|Any CPU.Build.0 = Debug|Any CPU
		{0C155F55-E81A-49BE-A3E9-F428BBB137DC}.Release|Any CPU.ActiveCfg = Release|Any CPU
		{0C155F55-E81A-49BE-A3E9-F428BBB137DC}.Release|Any CPU.Build.0 = Release|Any CPU
	EndGlobalSection
	GlobalSection(SolutionProperties) = preSolution
		HideSolutionNode = FALSE
	EndGlobalSection
	GlobalSection(ExtensibilityGlobals) = postSolution
		SolutionGuid = {70FE345A-D21A-487C-A8F7-EB226FB19E1C}
	EndGlobalSection
EndGlobal
